
Microsoft Visual Studio Solution File, Format Version 12.00
# Visual Studio 15
VisualStudioVersion = 15.0.28307.645
MinimumVisualStudioVersion = 10.0.40219.1
Project("{FAE04EC0-301F-11D3-BF4B-00C04F79EFBC}") = "sqlparser", "sqlparser\sqlparser.csproj", "{4DA5D7CD-AD2D-4C85-AA0F-1C2967F3A6B8}"
EndProject
Project("{FAE04EC0-301F-11D3-BF4B-00C04F79EFBC}") = "sqlparser_test", "sqlparser_test\sqlparser_test.csproj", "{7B3F0154-F3AC-426F-9A07-FCEECCE4BB67}"
EndProject
Project("{FAE04EC0-301F-11D3-BF4B-00C04F79EFBC}") = "sqlp", "sqlp\sqlp.csproj", "{B64C8883-C855-45B5-BCAE-CF746CBEBB44}"
EndProject
Global
	GlobalSection(SolutionConfigurationPlatforms) = preSolution
		Debug|Any CPU = Debug|Any CPU
		Release|Any CPU = Release|Any CPU
	EndGlobalSection
	GlobalSection(ProjectConfigurationPlatforms) = postSolution
		{4DA5D7CD-AD2D-4C85-AA0F-1C2967F3A6B8}.Debug|Any CPU.ActiveCfg = Debug|Any CPU
		{4DA5D7CD-AD2D-4C85-AA0F-1C2967F3A6B8}.Debug|Any CPU.Build.0 = Debug|Any CPU
		{4DA5D7CD-AD2D-4C85-AA0F-1C2967F3A6B8}.Release|Any CPU.ActiveCfg = Release|Any CPU
		{4DA5D7CD-AD2D-4C85-AA0F-1C2967F3A6B8}.Release|Any CPU.Build.0 = Release|Any CPU
		{7B3F0154-F3AC-426F-9A07-FCEECCE4BB67}.Debug|Any CPU.ActiveCfg = Debug|Any CPU
		{7B3F0154-F3AC-426F-9A07-FCEECCE4BB67}.Debug|Any CPU.Build.0 = Debug|Any CPU
		{7B3F0154-F3AC-426F-9A07-FCEECCE4BB67}.Release|Any CPU.ActiveCfg = Release|Any CPU
		{7B3F0154-F3AC-426F-9A07-FCEECCE4BB67}.Release|Any CPU.Build.0 = Release|Any CPU
		{B64C8883-C855-45B5-BCAE-CF746CBEBB44}.Debug|Any CPU.ActiveCfg = Debug|Any CPU
		{B64C8883-C855-45B5-BCAE-CF746CBEBB44}.Debug|Any CPU.Build.0 = Debug|Any CPU
		{B64C8883-C855-45B5-BCAE-CF746CBEBB44}.Release|Any CPU.ActiveCfg = Release|Any CPU
		{B64C8883-C855-45B5-BCAE-CF746CBEBB44}.Release|Any CPU.Build.0 = Release|Any CPU
	EndGlobalSection
	GlobalSection(SolutionProperties) = preSolution
		HideSolutionNode = FALSE
	EndGlobalSection
	GlobalSection(ExtensibilityGlobals) = postSolution
		SolutionGuid = {CAC5356B-616C-4354-AAEA-323C8EFA573B}
	EndGlobalSection
EndGlobal
