
Microsoft Visual Studio Solution File, Format Version 12.00
# Visual Studio 15
VisualStudioVersion = 15.0.28307.645
MinimumVisualStudioVersion = 10.0.40219.1
Project("{FAE04EC0-301F-11D3-BF4B-00C04F79EFBC}") = "sqlgraph", "sqlgraph\sqlgraph.csproj", "{B6CC6F16-79A3-42BB-98C6-3F5EB69A8570}"
EndProject
Global
	GlobalSection(SolutionConfigurationPlatforms) = preSolution
		Debug|Any CPU = Debug|Any CPU
		Release|Any CPU = Release|Any CPU
	EndGlobalSection
	GlobalSection(ProjectConfigurationPlatforms) = postSolution
		{B6CC6F16-79A3-42BB-98C6-3F5EB69A8570}.Debug|Any CPU.ActiveCfg = Debug|Any CPU
		{B6CC6F16-79A3-42BB-98C6-3F5EB69A8570}.Debug|Any CPU.Build.0 = Debug|Any CPU
		{B6CC6F16-79A3-42BB-98C6-3F5EB69A8570}.Release|Any CPU.ActiveCfg = Release|Any CPU
		{B6CC6F16-79A3-42BB-98C6-3F5EB69A8570}.Release|Any CPU.Build.0 = Release|Any CPU
	EndGlobalSection
	GlobalSection(SolutionProperties) = preSolution
		HideSolutionNode = FALSE
	EndGlobalSection
	GlobalSection(ExtensibilityGlobals) = postSolution
		SolutionGuid = {CAC5356B-616C-4354-AAEA-323C8EFA573B}
	EndGlobalSection
EndGlobal
